
Microsoft Visual Studio Solution File, Format Version 12.00
# Visual Studio Version 17
VisualStudioVersion = 17.8.34330.188
MinimumVisualStudioVersion = 10.0.40219.1
Project("{FAE04EC0-301F-11D3-BF4B-00C04F79EFBC}") = "Practiceapi3.1", "Practiceapi3.1\Practiceapi3.1.csproj", "{FEF6F6CB-1689-487E-BF91-47459D87B956}"
EndProject
Global
	GlobalSection(SolutionConfigurationPlatforms) = preSolution
		Debug|Any CPU = Debug|Any CPU
		Release|Any CPU = Release|Any CPU
	EndGlobalSection
	GlobalSection(ProjectConfigurationPlatforms) = postSolution
		{FEF6F6CB-1689-487E-BF91-47459D87B956}.Debug|Any CPU.ActiveCfg = Debug|Any CPU
		{FEF6F6CB-1689-487E-BF91-47459D87B956}.Debug|Any CPU.Build.0 = Debug|Any CPU
		{FEF6F6CB-1689-487E-BF91-47459D87B956}.Release|Any CPU.ActiveCfg = Release|Any CPU
		{FEF6F6CB-1689-487E-BF91-47459D87B956}.Release|Any CPU.Build.0 = Release|Any CPU
	EndGlobalSection
	GlobalSection(SolutionProperties) = preSolution
		HideSolutionNode = FALSE
	EndGlobalSection
	GlobalSection(ExtensibilityGlobals) = postSolution
		SolutionGuid = {ED684BE0-D94B-44EE-B254-4B10CD7B9974}
	EndGlobalSection
EndGlobal
